
Microsoft Visual Studio Solution File, Format Version 12.00
# Visual Studio Version 16
VisualStudioVersion = 16.0.30711.63
MinimumVisualStudioVersion = 10.0.40219.1
Project("{9A19103F-16F7-4668-BE54-9A1E7A4F7556}") = "Yahtzee", "Yahtzee\Yahtzee.csproj", "{CF294C11-54EE-447E-B8E5-C2567919BE30}"
EndProject
Project("{FAE04EC0-301F-11D3-BF4B-00C04F79EFBC}") = "YahtzeeTest", "YahtzeeTest\YahtzeeTest.csproj", "{5ABDF95F-E8F3-4778-9A60-16D3E62D5969}"
EndProject
Project("{FAE04EC0-301F-11D3-BF4B-00C04F79EFBC}") = "YahtzeeWPF", "YahtzeeWPF\YahtzeeWPF.csproj", "{7DA0434B-9E21-43F0-87A2-833609A7F30E}"
EndProject
Global
	GlobalSection(SolutionConfigurationPlatforms) = preSolution
		Debug|Any CPU = Debug|Any CPU
		Release|Any CPU = Release|Any CPU
	EndGlobalSection
	GlobalSection(ProjectConfigurationPlatforms) = postSolution
		{CF294C11-54EE-447E-B8E5-C2567919BE30}.Debug|Any CPU.ActiveCfg = Debug|Any CPU
		{CF294C11-54EE-447E-B8E5-C2567919BE30}.Debug|Any CPU.Build.0 = Debug|Any CPU
		{CF294C11-54EE-447E-B8E5-C2567919BE30}.Release|Any CPU.ActiveCfg = Release|Any CPU
		{CF294C11-54EE-447E-B8E5-C2567919BE30}.Release|Any CPU.Build.0 = Release|Any CPU
		{5ABDF95F-E8F3-4778-9A60-16D3E62D5969}.Debug|Any CPU.ActiveCfg = Debug|Any CPU
		{5ABDF95F-E8F3-4778-9A60-16D3E62D5969}.Debug|Any CPU.Build.0 = Debug|Any CPU
		{5ABDF95F-E8F3-4778-9A60-16D3E62D5969}.Release|Any CPU.ActiveCfg = Release|Any CPU
		{5ABDF95F-E8F3-4778-9A60-16D3E62D5969}.Release|Any CPU.Build.0 = Release|Any CPU
		{7DA0434B-9E21-43F0-87A2-833609A7F30E}.Debug|Any CPU.ActiveCfg = Debug|Any CPU
		{7DA0434B-9E21-43F0-87A2-833609A7F30E}.Debug|Any CPU.Build.0 = Debug|Any CPU
		{7DA0434B-9E21-43F0-87A2-833609A7F30E}.Release|Any CPU.ActiveCfg = Release|Any CPU
		{7DA0434B-9E21-43F0-87A2-833609A7F30E}.Release|Any CPU.Build.0 = Release|Any CPU
	EndGlobalSection
	GlobalSection(SolutionProperties) = preSolution
		HideSolutionNode = FALSE
	EndGlobalSection
	GlobalSection(ExtensibilityGlobals) = postSolution
		SolutionGuid = {127E9EDD-289C-491B-8EB3-2547E3284158}
	EndGlobalSection
EndGlobal
